// !$*UTF8*$!
{
	archiveVersion = 1;
	classes = {
	};
	objectVersion = 55;
	objects = {

/* Begin PBXBuildFile section */
		F88B2D6E2999FA640064F594 /* Assets.xcassets in Resources */ = {isa = PBXBuildFile; fileRef = F88B2D6D2999FA640064F594 /* Assets.xcassets */; };
		F88B2D712999FA640064F594 /* Preview Assets.xcassets in Resources */ = {isa = PBXBuildFile; fileRef = F88B2D702999FA640064F594 /* Preview Assets.xcassets */; };
		F88B2D7B2999FA650064F594 /* RandomUsersTests.swift in Sources */ = {isa = PBXBuildFile; fileRef = F88B2D7A2999FA650064F594 /* RandomUsersTests.swift */; };
		F88B2D852999FA650064F594 /* RandomUsersUITests.swift in Sources */ = {isa = PBXBuildFile; fileRef = F88B2D842999FA650064F594 /* RandomUsersUITests.swift */; };
		F88B2D872999FA650064F594 /* RandomUsersUITestsLaunchTests.swift in Sources */ = {isa = PBXBuildFile; fileRef = F88B2D862999FA650064F594 /* RandomUsersUITestsLaunchTests.swift */; };
		F88B2D9E2999FB9F0064F594 /* RandomViewModel.swift in Sources */ = {isa = PBXBuildFile; fileRef = F88B2D942999FB9F0064F594 /* RandomViewModel.swift */; };
		F88B2D9F2999FB9F0064F594 /* UsersTitleView.swift in Sources */ = {isa = PBXBuildFile; fileRef = F88B2D962999FB9F0064F594 /* UsersTitleView.swift */; };
		F88B2DA02999FB9F0064F594 /* UsersListView.swift in Sources */ = {isa = PBXBuildFile; fileRef = F88B2D972999FB9F0064F594 /* UsersListView.swift */; };
		F88B2DA12999FB9F0064F594 /* UserDetailView.swift in Sources */ = {isa = PBXBuildFile; fileRef = F88B2D982999FB9F0064F594 /* UserDetailView.swift */; };
		F88B2DA22999FB9F0064F594 /* RandomUsersListApp.swift in Sources */ = {isa = PBXBuildFile; fileRef = F88B2D992999FB9F0064F594 /* RandomUsersListApp.swift */; };
		F88B2DA32999FB9F0064F594 /* Error.swift in Sources */ = {isa = PBXBuildFile; fileRef = F88B2D9B2999FB9F0064F594 /* Error.swift */; };
		F88B2DA42999FB9F0064F594 /* Networking.swift in Sources */ = {isa = PBXBuildFile; fileRef = F88B2D9C2999FB9F0064F594 /* Networking.swift */; };
		F88B2DA52999FB9F0064F594 /* ResponseObjects.swift in Sources */ = {isa = PBXBuildFile; fileRef = F88B2D9D2999FB9F0064F594 /* ResponseObjects.swift */; };
/* End PBXBuildFile section */

/* Begin PBXContainerItemProxy section */
		F88B2D772999FA650064F594 /* PBXContainerItemProxy */ = {
			isa = PBXContainerItemProxy;
			containerPortal = F88B2D5E2999FA630064F594 /* Project object */;
			proxyType = 1;
			remoteGlobalIDString = F88B2D652999FA630064F594;
			remoteInfo = RandomUsers;
		};
		F88B2D812999FA650064F594 /* PBXContainerItemProxy */ = {
			isa = PBXContainerItemProxy;
			containerPortal = F88B2D5E2999FA630064F594 /* Project object */;
			proxyType = 1;
			remoteGlobalIDString = F88B2D652999FA630064F594;
			remoteInfo = RandomUsers;
		};
/* End PBXContainerItemProxy section */

/* Begin PBXFileReference section */
		F88B2D662999FA630064F594 /* RandomUsers.app */ = {isa = PBXFileReference; explicitFileType = wrapper.application; includeInIndex = 0; path = RandomUsers.app; sourceTree = BUILT_PRODUCTS_DIR; };
		F88B2D6D2999FA640064F594 /* Assets.xcassets */ = {isa = PBXFileReference; lastKnownFileType = folder.assetcatalog; path = Assets.xcassets; sourceTree = "<group>"; };
		F88B2D702999FA640064F594 /* Preview Assets.xcassets */ = {isa = PBXFileReference; lastKnownFileType = folder.assetcatalog; path = "Preview Assets.xcassets"; sourceTree = "<group>"; };
		F88B2D762999FA650064F594 /* RandomUsersTests.xctest */ = {isa = PBXFileReference; explicitFileType = wrapper.cfbundle; includeInIndex = 0; path = RandomUsersTests.xctest; sourceTree = BUILT_PRODUCTS_DIR; };
		F88B2D7A2999FA650064F594 /* RandomUsersTests.swift */ = {isa = PBXFileReference; lastKnownFileType = sourcecode.swift; path = RandomUsersTests.swift; sourceTree = "<group>"; };
		F88B2D802999FA650064F594 /* RandomUsersUITests.xctest */ = {isa = PBXFileReference; explicitFileType = wrapper.cfbundle; includeInIndex = 0; path = RandomUsersUITests.xctest; sourceTree = BUILT_PRODUCTS_DIR; };
		F88B2D842999FA650064F594 /* RandomUsersUITests.swift */ = {isa = PBXFileReference; lastKnownFileType = sourcecode.swift; path = RandomUsersUITests.swift; sourceTree = "<group>"; };
		F88B2D862999FA650064F594 /* RandomUsersUITestsLaunchTests.swift */ = {isa = PBXFileReference; lastKnownFileType = sourcecode.swift; path = RandomUsersUITestsLaunchTests.swift; sourceTree = "<group>"; };
		F88B2D942999FB9F0064F594 /* RandomViewModel.swift */ = {isa = PBXFileReference; fileEncoding = 4; lastKnownFileType = sourcecode.swift; path = RandomViewModel.swift; sourceTree = "<group>"; };
		F88B2D962999FB9F0064F594 /* UsersTitleView.swift */ = {isa = PBXFileReference; fileEncoding = 4; lastKnownFileType = sourcecode.swift; path = UsersTitleView.swift; sourceTree = "<group>"; };
		F88B2D972999FB9F0064F594 /* UsersListView.swift */ = {isa = PBXFileReference; fileEncoding = 4; lastKnownFileType = sourcecode.swift; path = UsersListView.swift; sourceTree = "<group>"; };
		F88B2D982999FB9F0064F594 /* UserDetailView.swift */ = {isa = PBXFileReference; fileEncoding = 4; lastKnownFileType = sourcecode.swift; path = UserDetailView.swift; sourceTree = "<group>"; };
		F88B2D992999FB9F0064F594 /* RandomUsersListApp.swift */ = {isa = PBXFileReference; fileEncoding = 4; lastKnownFileType = sourcecode.swift; path = RandomUsersListApp.swift; sourceTree = "<group>"; };
		F88B2D9B2999FB9F0064F594 /* Error.swift */ = {isa = PBXFileReference; fileEncoding = 4; lastKnownFileType = sourcecode.swift; path = Error.swift; sourceTree = "<group>"; };
		F88B2D9C2999FB9F0064F594 /* Networking.swift */ = {isa = PBXFileReference; fileEncoding = 4; lastKnownFileType = sourcecode.swift; path = Networking.swift; sourceTree = "<group>"; };
		F88B2D9D2999FB9F0064F594 /* ResponseObjects.swift */ = {isa = PBXFileReference; fileEncoding = 4; lastKnownFileType = sourcecode.swift; path = ResponseObjects.swift; sourceTree = "<group>"; };
/* End PBXFileReference section */

/* Begin PBXFrameworksBuildPhase section */
		F88B2D632999FA630064F594 /* Frameworks */ = {
			isa = PBXFrameworksBuildPhase;
			buildActionMask = 2147483647;
			files = (
			);
			runOnlyForDeploymentPostprocessing = 0;
		};
		F88B2D732999FA650064F594 /* Frameworks */ = {
			isa = PBXFrameworksBuildPhase;
			buildActionMask = 2147483647;
			files = (
			);
			runOnlyForDeploymentPostprocessing = 0;
		};
		F88B2D7D2999FA650064F594 /* Frameworks */ = {
			isa = PBXFrameworksBuildPhase;
			buildActionMask = 2147483647;
			files = (
			);
			runOnlyForDeploymentPostprocessing = 0;
		};
/* End PBXFrameworksBuildPhase section */

/* Begin PBXGroup section */
		F88B2D5D2999FA630064F594 = {
			isa = PBXGroup;
			children = (
				F88B2D682999FA630064F594 /* RandomUsers */,
				F88B2D792999FA650064F594 /* RandomUsersTests */,
				F88B2D832999FA650064F594 /* RandomUsersUITests */,
				F88B2D672999FA630064F594 /* Products */,
			);
			sourceTree = "<group>";
		};
		F88B2D672999FA630064F594 /* Products */ = {
			isa = PBXGroup;
			children = (
				F88B2D662999FA630064F594 /* RandomUsers.app */,
				F88B2D762999FA650064F594 /* RandomUsersTests.xctest */,
				F88B2D802999FA650064F594 /* RandomUsersUITests.xctest */,
			);
			name = Products;
			sourceTree = "<group>";
		};
		F88B2D682999FA630064F594 /* RandomUsers */ = {
			isa = PBXGroup;
			children = (
				F88B2D932999FB9F0064F594 /* Models */,
				F88B2D9A2999FB9F0064F594 /* RESTApi */,
				F88B2D952999FB9F0064F594 /* View */,
				F88B2D6D2999FA640064F594 /* Assets.xcassets */,
				F88B2D6F2999FA640064F594 /* Preview Content */,
			);
			path = RandomUsers;
			sourceTree = "<group>";
		};
		F88B2D6F2999FA640064F594 /* Preview Content */ = {
			isa = PBXGroup;
			children = (
				F88B2D702999FA640064F594 /* Preview Assets.xcassets */,
			);
			path = "Preview Content";
			sourceTree = "<group>";
		};
		F88B2D792999FA650064F594 /* RandomUsersTests */ = {
			isa = PBXGroup;
			children = (
				F88B2D7A2999FA650064F594 /* RandomUsersTests.swift */,
			);
			path = RandomUsersTests;
			sourceTree = "<group>";
		};
		F88B2D832999FA650064F594 /* RandomUsersUITests */ = {
			isa = PBXGroup;
			children = (
				F88B2D842999FA650064F594 /* RandomUsersUITests.swift */,
				F88B2D862999FA650064F594 /* RandomUsersUITestsLaunchTests.swift */,
			);
			path = RandomUsersUITests;
			sourceTree = "<group>";
		};
		F88B2D932999FB9F0064F594 /* Models */ = {
			isa = PBXGroup;
			children = (
				F88B2D942999FB9F0064F594 /* RandomViewModel.swift */,
			);
			path = Models;
			sourceTree = "<group>";
		};
		F88B2D952999FB9F0064F594 /* View */ = {
			isa = PBXGroup;
			children = (
				F88B2D962999FB9F0064F594 /* UsersTitleView.swift */,
				F88B2D972999FB9F0064F594 /* UsersListView.swift */,
				F88B2D982999FB9F0064F594 /* UserDetailView.swift */,
				F88B2D992999FB9F0064F594 /* RandomUsersListApp.swift */,
			);
			path = View;
			sourceTree = "<group>";
		};
		F88B2D9A2999FB9F0064F594 /* RESTApi */ = {
			isa = PBXGroup;
			children = (
				F88B2D9B2999FB9F0064F594 /* Error.swift */,
				F88B2D9C2999FB9F0064F594 /* Networking.swift */,
				F88B2D9D2999FB9F0064F594 /* ResponseObjects.swift */,
			);
			path = RESTApi;
			sourceTree = "<group>";
		};
/* End PBXGroup section */

/* Begin PBXNativeTarget section */
		F88B2D652999FA630064F594 /* RandomUsers */ = {
			isa = PBXNativeTarget;
			buildConfigurationList = F88B2D8A2999FA650064F594 /* Build configuration list for PBXNativeTarget "RandomUsers" */;
			buildPhases = (
				F88B2D622999FA630064F594 /* Sources */,
				F88B2D632999FA630064F594 /* Frameworks */,
				F88B2D642999FA630064F594 /* Resources */,
			);
			buildRules = (
			);
			dependencies = (
			);
			name = RandomUsers;
			productName = RandomUsers;
			productReference = F88B2D662999FA630064F594 /* RandomUsers.app */;
			productType = "com.apple.product-type.application";
		};
		F88B2D752999FA650064F594 /* RandomUsersTests */ = {
			isa = PBXNativeTarget;
			buildConfigurationList = F88B2D8D2999FA650064F594 /* Build configuration list for PBXNativeTarget "RandomUsersTests" */;
			buildPhases = (
				F88B2D722999FA650064F594 /* Sources */,
				F88B2D732999FA650064F594 /* Frameworks */,
				F88B2D742999FA650064F594 /* Resources */,
			);
			buildRules = (
			);
			dependencies = (
				F88B2D782999FA650064F594 /* PBXTargetDependency */,
			);
			name = RandomUsersTests;
			productName = RandomUsersTests;
			productReference = F88B2D762999FA650064F594 /* RandomUsersTests.xctest */;
			productType = "com.apple.product-type.bundle.unit-test";
		};
		F88B2D7F2999FA650064F594 /* RandomUsersUITests */ = {
			isa = PBXNativeTarget;
			buildConfigurationList = F88B2D902999FA650064F594 /* Build configuration list for PBXNativeTarget "RandomUsersUITests" */;
			buildPhases = (
				F88B2D7C2999FA650064F594 /* Sources */,
				F88B2D7D2999FA650064F594 /* Frameworks */,
				F88B2D7E2999FA650064F594 /* Resources */,
			);
			buildRules = (
			);
			dependencies = (
				F88B2D822999FA650064F594 /* PBXTargetDependency */,
			);
			name = RandomUsersUITests;
			productName = RandomUsersUITests;
			productReference = F88B2D802999FA650064F594 /* RandomUsersUITests.xctest */;
			productType = "com.apple.product-type.bundle.ui-testing";
		};
/* End PBXNativeTarget section */

/* Begin PBXProject section */
		F88B2D5E2999FA630064F594 /* Project object */ = {
			isa = PBXProject;
			attributes = {
				BuildIndependentTargetsInParallel = 1;
				LastSwiftUpdateCheck = 1340;
				LastUpgradeCheck = 1340;
				TargetAttributes = {
					F88B2D652999FA630064F594 = {
						CreatedOnToolsVersion = 13.4.1;
					};
					F88B2D752999FA650064F594 = {
						CreatedOnToolsVersion = 13.4.1;
						TestTargetID = F88B2D652999FA630064F594;
					};
					F88B2D7F2999FA650064F594 = {
						CreatedOnToolsVersion = 13.4.1;
						TestTargetID = F88B2D652999FA630064F594;
					};
				};
			};
			buildConfigurationList = F88B2D612999FA630064F594 /* Build configuration list for PBXProject "RandomUsers" */;
			compatibilityVersion = "Xcode 13.0";
			developmentRegion = en;
			hasScannedForEncodings = 0;
			knownRegions = (
				en,
				Base,
			);
			mainGroup = F88B2D5D2999FA630064F594;
			productRefGroup = F88B2D672999FA630064F594 /* Products */;
			projectDirPath = "";
			projectRoot = "";
			targets = (
				F88B2D652999FA630064F594 /* RandomUsers */,
				F88B2D752999FA650064F594 /* RandomUsersTests */,
				F88B2D7F2999FA650064F594 /* RandomUsersUITests */,
			);
		};
/* End PBXProject section */

/* Begin PBXResourcesBuildPhase section */
		F88B2D642999FA630064F594 /* Resources */ = {
			isa = PBXResourcesBuildPhase;
			buildActionMask = 2147483647;
			files = (
				F88B2D712999FA640064F594 /* Preview Assets.xcassets in Resources */,
				F88B2D6E2999FA640064F594 /* Assets.xcassets in Resources */,
			);
			runOnlyForDeploymentPostprocessing = 0;
		};
		F88B2D742999FA650064F594 /* Resources */ = {
			isa = PBXResourcesBuildPhase;
			buildActionMask = 2147483647;
			files = (
			);
			runOnlyForDeploymentPostprocessing = 0;
		};
		F88B2D7E2999FA650064F594 /* Resources */ = {
			isa = PBXResourcesBuildPhase;
			buildActionMask = 2147483647;
			files = (
			);
			runOnlyForDeploymentPostprocessing = 0;
		};
/* End PBXResourcesBuildPhase section */

/* Begin PBXSourcesBuildPhase section */
		F88B2D622999FA630064F594 /* Sources */ = {
			isa = PBXSourcesBuildPhase;
			buildActionMask = 2147483647;
			files = (
				F88B2DA12999FB9F0064F594 /* UserDetailView.swift in Sources */,
				F88B2DA52999FB9F0064F594 /* ResponseObjects.swift in Sources */,
				F88B2D9F2999FB9F0064F594 /* UsersTitleView.swift in Sources */,
				F88B2DA22999FB9F0064F594 /* RandomUsersListApp.swift in Sources */,
				F88B2DA02999FB9F0064F594 /* UsersListView.swift in Sources */,
				F88B2DA32999FB9F0064F594 /* Error.swift in Sources */,
				F88B2D9E2999FB9F0064F594 /* RandomViewModel.swift in Sources */,
				F88B2DA42999FB9F0064F594 /* Networking.swift in Sources */,
			);
			runOnlyForDeploymentPostprocessing = 0;
		};
		F88B2D722999FA650064F594 /* Sources */ = {
			isa = PBXSourcesBuildPhase;
			buildActionMask = 2147483647;
			files = (
				F88B2D7B2999FA650064F594 /* RandomUsersTests.swift in Sources */,
			);
			runOnlyForDeploymentPostprocessing = 0;
		};
		F88B2D7C2999FA650064F594 /* Sources */ = {
			isa = PBXSourcesBuildPhase;
			buildActionMask = 2147483647;
			files = (
				F88B2D872999FA650064F594 /* RandomUsersUITestsLaunchTests.swift in Sources */,
				F88B2D852999FA650064F594 /* RandomUsersUITests.swift in Sources */,
			);
			runOnlyForDeploymentPostprocessing = 0;
		};
/* End PBXSourcesBuildPhase section */

/* Begin PBXTargetDependency section */
		F88B2D782999FA650064F594 /* PBXTargetDependency */ = {
			isa = PBXTargetDependency;
			target = F88B2D652999FA630064F594 /* RandomUsers */;
			targetProxy = F88B2D772999FA650064F594 /* PBXContainerItemProxy */;
		};
		F88B2D822999FA650064F594 /* PBXTargetDependency */ = {
			isa = PBXTargetDependency;
			target = F88B2D652999FA630064F594 /* RandomUsers */;
			targetProxy = F88B2D812999FA650064F594 /* PBXContainerItemProxy */;
		};
/* End PBXTargetDependency section */

/* Begin XCBuildConfiguration section */
		F88B2D882999FA650064F594 /* Debug */ = {
			isa = XCBuildConfiguration;
			buildSettings = {
				ALWAYS_SEARCH_USER_PATHS = NO;
				CLANG_ANALYZER_NONNULL = YES;
				CLANG_ANALYZER_NUMBER_OBJECT_CONVERSION = YES_AGGRESSIVE;
				CLANG_CXX_LANGUAGE_STANDARD = "gnu++17";
				CLANG_ENABLE_MODULES = YES;
				CLANG_ENABLE_OBJC_ARC = YES;
				CLANG_ENABLE_OBJC_WEAK = YES;
				CLANG_WARN_BLOCK_CAPTURE_AUTORELEASING = YES;
				CLANG_WARN_BOOL_CONVERSION = YES;
				CLANG_WARN_COMMA = YES;
				CLANG_WARN_CONSTANT_CONVERSION = YES;
				CLANG_WARN_DEPRECATED_OBJC_IMPLEMENTATIONS = YES;
				CLANG_WARN_DIRECT_OBJC_ISA_USAGE = YES_ERROR;
				CLANG_WARN_DOCUMENTATION_COMMENTS = YES;
				CLANG_WARN_EMPTY_BODY = YES;
				CLANG_WARN_ENUM_CONVERSION = YES;
				CLANG_WARN_INFINITE_RECURSION = YES;
				CLANG_WARN_INT_CONVERSION = YES;
				CLANG_WARN_NON_LITERAL_NULL_CONVERSION = YES;
				CLANG_WARN_OBJC_IMPLICIT_RETAIN_SELF = YES;
				CLANG_WARN_OBJC_LITERAL_CONVERSION = YES;
				CLANG_WARN_OBJC_ROOT_CLASS = YES_ERROR;
				CLANG_WARN_QUOTED_INCLUDE_IN_FRAMEWORK_HEADER = YES;
				CLANG_WARN_RANGE_LOOP_ANALYSIS = YES;
				CLANG_WARN_STRICT_PROTOTYPES = YES;
				CLANG_WARN_SUSPICIOUS_MOVE = YES;
				CLANG_WARN_UNGUARDED_AVAILABILITY = YES_AGGRESSIVE;
				CLANG_WARN_UNREACHABLE_CODE = YES;
				CLANG_WARN__DUPLICATE_METHOD_MATCH = YES;
				COPY_PHASE_STRIP = NO;
				DEBUG_INFORMATION_FORMAT = dwarf;
				ENABLE_STRICT_OBJC_MSGSEND = YES;
				ENABLE_TESTABILITY = YES;
				GCC_C_LANGUAGE_STANDARD = gnu11;
				GCC_DYNAMIC_NO_PIC = NO;
				GCC_NO_COMMON_BLOCKS = YES;
				GCC_OPTIMIZATION_LEVEL = 0;
				GCC_PREPROCESSOR_DEFINITIONS = (
					"DEBUG=1",
					"$(inherited)",
				);
				GCC_WARN_64_TO_32_BIT_CONVERSION = YES;
				GCC_WARN_ABOUT_RETURN_TYPE = YES_ERROR;
				GCC_WARN_UNDECLARED_SELECTOR = YES;
				GCC_WARN_UNINITIALIZED_AUTOS = YES_AGGRESSIVE;
				GCC_WARN_UNUSED_FUNCTION = YES;
				GCC_WARN_UNUSED_VARIABLE = YES;
				IPHONEOS_DEPLOYMENT_TARGET = 15.5;
				MTL_ENABLE_DEBUG_INFO = INCLUDE_SOURCE;
				MTL_FAST_MATH = YES;
				ONLY_ACTIVE_ARCH = YES;
				SDKROOT = iphoneos;
				SWIFT_ACTIVE_COMPILATION_CONDITIONS = DEBUG;
				SWIFT_OPTIMIZATION_LEVEL = "-Onone";
			};
			name = Debug;
		};
		F88B2D892999FA650064F594 /* Release */ = {
			isa = XCBuildConfiguration;
			buildSettings = {
				ALWAYS_SEARCH_USER_PATHS = NO;
				CLANG_ANALYZER_NONNULL = YES;
				CLANG_ANALYZER_NUMBER_OBJECT_CONVERSION = YES_AGGRESSIVE;
				CLANG_CXX_LANGUAGE_STANDARD = "gnu++17";
				CLANG_ENABLE_MODULES = YES;
				CLANG_ENABLE_OBJC_ARC = YES;
				CLANG_ENABLE_OBJC_WEAK = YES;
				CLANG_WARN_BLOCK_CAPTURE_AUTORELEASING = YES;
				CLANG_WARN_BOOL_CONVERSION = YES;
				CLANG_WARN_COMMA = YES;
				CLANG_WARN_CONSTANT_CONVERSION = YES;
				CLANG_WARN_DEPRECATED_OBJC_IMPLEMENTATIONS = YES;
				CLANG_WARN_DIRECT_OBJC_ISA_USAGE = YES_ERROR;
				CLANG_WARN_DOCUMENTATION_COMMENTS = YES;
				CLANG_WARN_EMPTY_BODY = YES;
				CLANG_WARN_ENUM_CONVERSION = YES;
				CLANG_WARN_INFINITE_RECURSION = YES;
				CLANG_WARN_INT_CONVERSION = YES;
				CLANG_WARN_NON_LITERAL_NULL_CONVERSION = YES;
				CLANG_WARN_OBJC_IMPLICIT_RETAIN_SELF = YES;
				CLANG_WARN_OBJC_LITERAL_CONVERSION = YES;
				CLANG_WARN_OBJC_ROOT_CLASS = YES_ERROR;
				CLANG_WARN_QUOTED_INCLUDE_IN_FRAMEWORK_HEADER = YES;
				CLANG_WARN_RANGE_LOOP_ANALYSIS = YES;
				CLANG_WARN_STRICT_PROTOTYPES = YES;
				CLANG_WARN_SUSPICIOUS_MOVE = YES;
				CLANG_WARN_UNGUARDED_AVAILABILITY = YES_AGGRESSIVE;
				CLANG_WARN_UNREACHABLE_CODE = YES;
				CLANG_WARN__DUPLICATE_METHOD_MATCH = YES;
				COPY_PHASE_STRIP = NO;
				DEBUG_INFORMATION_FORMAT = "dwarf-with-dsym";
				ENABLE_NS_ASSERTIONS = NO;
				ENABLE_STRICT_OBJC_MSGSEND = YES;
				GCC_C_LANGUAGE_STANDARD = gnu11;
				GCC_NO_COMMON_BLOCKS = YES;
				GCC_WARN_64_TO_32_BIT_CONVERSION = YES;
				GCC_WARN_ABOUT_RETURN_TYPE = YES_ERROR;
				GCC_WARN_UNDECLARED_SELECTOR = YES;
				GCC_WARN_UNINITIALIZED_AUTOS = YES_AGGRESSIVE;
				GCC_WARN_UNUSED_FUNCTION = YES;
				GCC_WARN_UNUSED_VARIABLE = YES;
				IPHONEOS_DEPLOYMENT_TARGET = 15.5;
				MTL_ENABLE_DEBUG_INFO = NO;
				MTL_FAST_MATH = YES;
				SDKROOT = iphoneos;
				SWIFT_COMPILATION_MODE = wholemodule;
				SWIFT_OPTIMIZATION_LEVEL = "-O";
				VALIDATE_PRODUCT = YES;
			};
			name = Release;
		};
		F88B2D8B2999FA650064F594 /* Debug */ = {
			isa = XCBuildConfiguration;
			buildSettings = {
				ASSETCATALOG_COMPILER_APPICON_NAME = AppIcon;
				ASSETCATALOG_COMPILER_GLOBAL_ACCENT_COLOR_NAME = AccentColor;
				CODE_SIGN_STYLE = Automatic;
				CURRENT_PROJECT_VERSION = 1;
				DEVELOPMENT_ASSET_PATHS = "\"RandomUsers/Preview Content\"";
				DEVELOPMENT_TEAM = CGCWT42HX3;
				ENABLE_PREVIEWS = YES;
				GENERATE_INFOPLIST_FILE = YES;
				INFOPLIST_KEY_UIApplicationSceneManifest_Generation = YES;
				INFOPLIST_KEY_UIApplicationSupportsIndirectInputEvents = YES;
				INFOPLIST_KEY_UILaunchScreen_Generation = YES;
				INFOPLIST_KEY_UISupportedInterfaceOrientations_iPad = "UIInterfaceOrientationPortrait UIInterfaceOrientationPortraitUpsideDown UIInterfaceOrientationLandscapeLeft UIInterfaceOrientationLandscapeRight";
				INFOPLIST_KEY_UISupportedInterfaceOrientations_iPhone = "UIInterfaceOrientationPortrait UIInterfaceOrientationLandscapeLeft UIInterfaceOrientationLandscapeRight";
				LD_RUNPATH_SEARCH_PATHS = (
					"$(inherited)",
					"@executable_path/Frameworks",
				);
				MARKETING_VERSION = 1.0;
				PRODUCT_BUNDLE_IDENTIFIER = com.RandomUsers;
				PRODUCT_NAME = "$(TARGET_NAME)";
				SWIFT_EMIT_LOC_STRINGS = YES;
				SWIFT_VERSION = 5.0;
				TARGETED_DEVICE_FAMILY = "1,2";
			};
			name = Debug;
		};
		F88B2D8C2999FA650064F594 /* Release */ = {
			isa = XCBuildConfiguration;
			buildSettings = {
				ASSETCATALOG_COMPILER_APPICON_NAME = AppIcon;
				ASSETCATALOG_COMPILER_GLOBAL_ACCENT_COLOR_NAME = AccentColor;
				CODE_SIGN_STYLE = Automatic;
				CURRENT_PROJECT_VERSION = 1;
				DEVELOPMENT_ASSET_PATHS = "\"RandomUsers/Preview Content\"";
				DEVELOPMENT_TEAM = CGCWT42HX3;
				ENABLE_PREVIEWS = YES;
				GENERATE_INFOPLIST_FILE = YES;
				INFOPLIST_KEY_UIApplicationSceneManifest_Generation = YES;
				INFOPLIST_KEY_UIApplicationSupportsIndirectInputEvents = YES;
				INFOPLIST_KEY_UILaunchScreen_Generation = YES;
				INFOPLIST_KEY_UISupportedInterfaceOrientations_iPad = "UIInterfaceOrientationPortrait UIInterfaceOrientationPortraitUpsideDown UIInterfaceOrientationLandscapeLeft UIInterfaceOrientationLandscapeRight";
				INFOPLIST_KEY_UISupportedInterfaceOrientations_iPhone = "UIInterfaceOrientationPortrait UIInterfaceOrientationLandscapeLeft UIInterfaceOrientationLandscapeRight";
				LD_RUNPATH_SEARCH_PATHS = (
					"$(inherited)",
					"@executable_path/Frameworks",
				);
				MARKETING_VERSION = 1.0;
				PRODUCT_BUNDLE_IDENTIFIER = com.RandomUsers;
				PRODUCT_NAME = "$(TARGET_NAME)";
				SWIFT_EMIT_LOC_STRINGS = YES;
				SWIFT_VERSION = 5.0;
				TARGETED_DEVICE_FAMILY = "1,2";
			};
			name = Release;
		};
		F88B2D8E2999FA650064F594 /* Debug */ = {
			isa = XCBuildConfiguration;
			buildSettings = {
				ALWAYS_EMBED_SWIFT_STANDARD_LIBRARIES = YES;
				BUNDLE_LOADER = "$(TEST_HOST)";
				CODE_SIGN_STYLE = Automatic;
				CURRENT_PROJECT_VERSION = 1;
				DEVELOPMENT_TEAM = CGCWT42HX3;
				GENERATE_INFOPLIST_FILE = YES;
				IPHONEOS_DEPLOYMENT_TARGET = 15.5;
				MARKETING_VERSION = 1.0;
				PRODUCT_BUNDLE_IDENTIFIER = com.RandomUsersTests;
				PRODUCT_NAME = "$(TARGET_NAME)";
				SWIFT_EMIT_LOC_STRINGS = NO;
				SWIFT_VERSION = 5.0;
				TARGETED_DEVICE_FAMILY = "1,2";
				TEST_HOST = "$(BUILT_PRODUCTS_DIR)/RandomUsers.app/RandomUsers";
			};
			name = Debug;
		};
		F88B2D8F2999FA650064F594 /* Release */ = {
			isa = XCBuildConfiguration;
			buildSettings = {
				ALWAYS_EMBED_SWIFT_STANDARD_LIBRARIES = YES;
				BUNDLE_LOADER = "$(TEST_HOST)";
				CODE_SIGN_STYLE = Automatic;
				CURRENT_PROJECT_VERSION = 1;
				DEVELOPMENT_TEAM = CGCWT42HX3;
				GENERATE_INFOPLIST_FILE = YES;
				IPHONEOS_DEPLOYMENT_TARGET = 15.5;
				MARKETING_VERSION = 1.0;
				PRODUCT_BUNDLE_IDENTIFIER = com.RandomUsersTests;
				PRODUCT_NAME = "$(TARGET_NAME)";
				SWIFT_EMIT_LOC_STRINGS = NO;
				SWIFT_VERSION = 5.0;
				TARGETED_DEVICE_FAMILY = "1,2";
				TEST_HOST = "$(BUILT_PRODUCTS_DIR)/RandomUsers.app/RandomUsers";
			};
			name = Release;
		};
		F88B2D912999FA650064F594 /* Debug */ = {
			isa = XCBuildConfiguration;
			buildSettings = {
				ALWAYS_EMBED_SWIFT_STANDARD_LIBRARIES = YES;
				CODE_SIGN_STYLE = Automatic;
				CURRENT_PROJECT_VERSION = 1;
				DEVELOPMENT_TEAM = CGCWT42HX3;
				GENERATE_INFOPLIST_FILE = YES;
				MARKETING_VERSION = 1.0;
				PRODUCT_BUNDLE_IDENTIFIER = com.RandomUsersUITests;
				PRODUCT_NAME = "$(TARGET_NAME)";
				SWIFT_EMIT_LOC_STRINGS = NO;
				SWIFT_VERSION = 5.0;
				TARGETED_DEVICE_FAMILY = "1,2";
				TEST_TARGET_NAME = RandomUsers;
			};
			name = Debug;
		};
		F88B2D922999FA650064F594 /* Release */ = {
			isa = XCBuildConfiguration;
			buildSettings = {
				ALWAYS_EMBED_SWIFT_STANDARD_LIBRARIES = YES;
				CODE_SIGN_STYLE = Automatic;
				CURRENT_PROJECT_VERSION = 1;
				DEVELOPMENT_TEAM = CGCWT42HX3;
				GENERATE_INFOPLIST_FILE = YES;
				MARKETING_VERSION = 1.0;
				PRODUCT_BUNDLE_IDENTIFIER = com.RandomUsersUITests;
				PRODUCT_NAME = "$(TARGET_NAME)";
				SWIFT_EMIT_LOC_STRINGS = NO;
				SWIFT_VERSION = 5.0;
				TARGETED_DEVICE_FAMILY = "1,2";
				TEST_TARGET_NAME = RandomUsers;
			};
			name = Release;
		};
/* End XCBuildConfiguration section */

/* Begin XCConfigurationList section */
		F88B2D612999FA630064F594 /* Build configuration list for PBXProject "RandomUsers" */ = {
			isa = XCConfigurationList;
			buildConfigurations = (
				F88B2D882999FA650064F594 /* Debug */,
				F88B2D892999FA650064F594 /* Release */,
			);
			defaultConfigurationIsVisible = 0;
			defaultConfigurationName = Release;
		};
		F88B2D8A2999FA650064F594 /* Build configuration list for PBXNativeTarget "RandomUsers" */ = {
			isa = XCConfigurationList;
			buildConfigurations = (
				F88B2D8B2999FA650064F594 /* Debug */,
				F88B2D8C2999FA650064F594 /* Release */,
			);
			defaultConfigurationIsVisible = 0;
			defaultConfigurationName = Release;
		};
		F88B2D8D2999FA650064F594 /* Build configuration list for PBXNativeTarget "RandomUsersTests" */ = {
			isa = XCConfigurationList;
			buildConfigurations = (
				F88B2D8E2999FA650064F594 /* Debug */,
				F88B2D8F2999FA650064F594 /* Release */,
			);
			defaultConfigurationIsVisible = 0;
			defaultConfigurationName = Release;
		};
		F88B2D902999FA650064F594 /* Build configuration list for PBXNativeTarget "RandomUsersUITests" */ = {
			isa = XCConfigurationList;
			buildConfigurations = (
				F88B2D912999FA650064F594 /* Debug */,
				F88B2D922999FA650064F594 /* Release */,
			);
			defaultConfigurationIsVisible = 0;
			defaultConfigurationName = Release;
		};
/* End XCConfigurationList section */
	};
	rootObject = F88B2D5E2999FA630064F594 /* Project object */;
}
